{
  "name": "typescript-async",
  "version": "1.0.0",
  "lockfileVersion": 1,
  "requires": true,
  "dependencies": {
    "@types/node": {
      "version": "12.6.3",
      "resolved": "https://registry.npmjs.org/@types/node/-/node-12.6.3.tgz",
      "integrity": "sha512-7TEYTQT1/6PP53NftXXabIZDaZfaoBdeBm8Md/i7zsWRoBe0YwOXguyK8vhHs8ehgB/w9U4K/6EWuTyp0W6nIA=="
    }
  }
}
